PODS:
  - IQKeyboardManagerSwift (6.2.0)

DEPENDENCIES:
  - IQKeyboardManagerSwift

SPEC REPOS:
  https://github.com/cocoapods/specs.git:
    - IQKeyboardManagerSwift

SPEC CHECKSUMS:
  IQKeyboardManagerSwift: b07ccf9d8cafe993dcd6cb794eb4ba34611a0c4e

PODFILE CHECKSUM: f7a3f2501e4d26e4e217daaf745444b0db12aa0d

COCOAPODS: 1.5.3
